[[package]]
category = "main"
description = "Screen-scraping library"
name = "beautifulsoup4"
optional = false
python-versions = "*"
version = "4.9.3"

[package.dependencies]
soupsieve = {version = ">1.2", markers = "python_version >= \"3.0\""}

[package.extras]
html5lib = ["html5lib"]
lxml = ["lxml"]

[[package]]
category = "main"
description = "Python package for providing Mozilla's CA Bundle."
name = "certifi"
optional = false
python-versions = "*"
version = "2020.6.20"

[[package]]
category = "main"
description = "Universal encoding detector for Python 2 and 3"
name = "chardet"
optional = false
python-versions = "*"
version = "3.0.4"

[[package]]
category = "main"
description = "Cross-platform colored terminal text."
name = "colorama"
optional = false
python-versions = ">=2.7, !=3.0.*, !=3.1.*, !=3.2.*, !=3.3.*, !=3.4.*"
version = "0.4.4"

[[package]]
category = "main"
description = "Updated configparser from Python 3.8 for Python 2.6+."
name = "configparser"
optional = false
python-versions = ">=3.6"
version = "5.0.1"

[package.extras]
docs = ["sphinx", "jaraco.packaging (>=3.2)", "rst.linker (>=1.9)"]
testing = ["pytest (>=3.5,<3.7.3 || >3.7.3)", "pytest-checkdocs (>=1.2.3)", "pytest-flake8", "pytest-cov", "jaraco.test (>=3.2.0)", "pytest-black (>=0.3.7)", "pytest-mypy"]

[[package]]
category = "main"
description = "TextUI colors for Python."
name = "crayons"
optional = false
python-versions = "*"
version = "0.4.0"

[package.dependencies]
colorama = "*"

[[package]]
category = "main"
description = "Internationalized Domain Names in Applications (IDNA)"
name = "idna"
optional = false
python-versions = ">=2.7, !=3.0.*, !=3.1.*, !=3.2.*, !=3.3.*"
version = "2.10"

[[package]]
category = "main"
description = "Python HTTP for Humans."
name = "requests"
optional = false
python-versions = ">=2.7, !=3.0.*, !=3.1.*, !=3.2.*, !=3.3.*, !=3.4.*"
version = "2.24.0"

[package.dependencies]
certifi = ">=2017.4.17"
chardet = ">=3.0.2,<4"
idna = ">=2.5,<3"
urllib3 = ">=1.21.1,<1.25.0 || >1.25.0,<1.25.1 || >1.25.1,<1.26"

[package.extras]
security = ["pyOpenSSL (>=0.14)", "cryptography (>=1.3.4)"]
socks = ["PySocks (>=1.5.6,<1.5.7 || >1.5.7)", "win-inet-pton"]

[[package]]
category = "main"
description = "ruamel.yaml is a YAML parser/emitter that supports roundtrip preservation of comments, seq/map flow style, and map key order"
name = "ruamel.yaml"
optional = false
python-versions = "*"
version = "0.16.12"

[package.dependencies]
"ruamel.yaml.clib" = {version = ">=0.1.2", markers = "platform_python_implementation == \"CPython\" and python_version < \"3.9\""}

[package.extras]
docs = ["ryd"]
jinja2 = ["ruamel.yaml.jinja2 (>=0.2)"]

[[package]]
category = "main"
description = "C version of reader, parser and emitter for ruamel.yaml derived from libyaml"
name = "ruamel.yaml.clib"
optional = false
python-versions = "*"
version = "0.2.2"

[[package]]
category = "main"
description = "Python bindings for Selenium"
name = "selenium"
optional = false
python-versions = "*"
version = "3.141.0"

[package.dependencies]
urllib3 = "*"

[[package]]
category = "main"
description = "A modern CSS selector implementation for Beautiful Soup."
name = "soupsieve"
optional = false
python-versions = ">=3.5"
version = "2.0.1"

[[package]]
category = "main"
description = "HTTP library with thread-safe connection pooling, file post, and more."
name = "urllib3"
optional = false
python-versions = ">=2.7, !=3.0.*, !=3.1.*, !=3.2.*, !=3.3.*, !=3.4.*, <4"
version = "1.25.11"

[package.extras]
brotli = ["brotlipy (>=0.6.0)"]
secure = ["pyOpenSSL (>=0.14)", "cryptography (>=1.3.4)", "idna (>=2.0.0)", "certifi", "ipaddress"]
socks = ["PySocks (>=1.5.6,<1.5.7 || >1.5.7,<2.0)"]

[[package]]
category = "main"
description = "Library provides the way to automatically manage drivers for different browsers"
name = "webdriver-manager"
optional = false
python-versions = ">=3.6"
version = "3.2.2"

[package.dependencies]
configparser = "*"
crayons = "*"
requests = "*"

[metadata]
content-hash = "f31270821ed7f06351c6dad742c186296e6ede39c91e749d19fd3cb61abf38da"
lock-version = "1.1"
python-versions = "^3.8.6"

[metadata.files]
beautifulsoup4 = [
    {file = "beautifulsoup4-4.9.3-py2-none-any.whl", hash = "sha256:4c98143716ef1cb40bf7f39a8e3eec8f8b009509e74904ba3a7b315431577e35"},
    {file = "beautifulsoup4-4.9.3-py3-none-any.whl", hash = "sha256:fff47e031e34ec82bf17e00da8f592fe7de69aeea38be00523c04623c04fb666"},
    {file = "beautifulsoup4-4.9.3.tar.gz", hash = "sha256:84729e322ad1d5b4d25f805bfa05b902dd96450f43842c4e99067d5e1369eb25"},
]
certifi = [
    {file = "certifi-2020.6.20-py2.py3-none-any.whl", hash = "sha256:8fc0819f1f30ba15bdb34cceffb9ef04d99f420f68eb75d901e9560b8749fc41"},
    {file = "certifi-2020.6.20.tar.gz", hash = "sha256:5930595817496dd21bb8dc35dad090f1c2cd0adfaf21204bf6732ca5d8ee34d3"},
]
chardet = [
    {file = "chardet-3.0.4-py2.py3-none-any.whl", hash = "sha256:fc323ffcaeaed0e0a02bf4d117757b98aed530d9ed4531e3e15460124c106691"},
    {file = "chardet-3.0.4.tar.gz", hash = "sha256:84ab92ed1c4d4f16916e05906b6b75a6c0fb5db821cc65e70cbd64a3e2a5eaae"},
]
colorama = [
    {file = "colorama-0.4.4-py2.py3-none-any.whl", hash = "sha256:9f47eda37229f68eee03b24b9748937c7dc3868f906e8ba69fbcbdd3bc5dc3e2"},
    {file = "colorama-0.4.4.tar.gz", hash = "sha256:5941b2b48a20143d2267e95b1c2a7603ce057ee39fd88e7329b0c292aa16869b"},
]
configparser = [
    {file = "configparser-5.0.1-py3-none-any.whl", hash = "sha256:08e8a59ef1817ac4ed810bb8e17d049566dd6e024e7566f6285c756db2bb4ff8"},
    {file = "configparser-5.0.1.tar.gz", hash = "sha256:005c3b102c96f4be9b8f40dafbd4997db003d07d1caa19f37808be8031475f2a"},
]
crayons = [
    {file = "crayons-0.4.0-py2.py3-none-any.whl", hash = "sha256:e73ad105c78935d71fe454dd4b85c5c437ba199294e7ffd3341842bc683654b1"},
    {file = "crayons-0.4.0.tar.gz", hash = "sha256:bd33b7547800f2cfbd26b38431f9e64b487a7de74a947b0fafc89b45a601813f"},
]
idna = [
    {file = "idna-2.10-py2.py3-none-any.whl", hash = "sha256:b97d804b1e9b523befed77c48dacec60e6dcb0b5391d57af6a65a312a90648c0"},
    {file = "idna-2.10.tar.gz", hash = "sha256:b307872f855b18632ce0c21c5e45be78c0ea7ae4c15c828c20788b26921eb3f6"},
]
requests = [
    {file = "requests-2.24.0-py2.py3-none-any.whl", hash = "sha256:fe75cc94a9443b9246fc7049224f75604b113c36acb93f87b80ed42c44cbb898"},
    {file = "requests-2.24.0.tar.gz", hash = "sha256:b3559a131db72c33ee969480840fff4bb6dd111de7dd27c8ee1f820f4f00231b"},
]
"ruamel.yaml" = [
    {file = "ruamel.yaml-0.16.12-py2.py3-none-any.whl", hash = "sha256:012b9470a0ea06e4e44e99e7920277edf6b46eee0232a04487ea73a7386340a5"},
    {file = "ruamel.yaml-0.16.12.tar.gz", hash = "sha256:076cc0bc34f1966d920a49f18b52b6ad559fbe656a0748e3535cf7b3f29ebf9e"},
]
"ruamel.yaml.clib" = [
    {file = "ruamel.yaml.clib-0.2.2-cp27-cp27m-macosx_10_9_x86_64.whl", hash = "sha256:28116f204103cb3a108dfd37668f20abe6e3cafd0d3fd40dba126c732457b3cc"},
    {file = "ruamel.yaml.clib-0.2.2-cp27-cp27m-manylinux1_x86_64.whl", hash = "sha256:daf21aa33ee9b351f66deed30a3d450ab55c14242cfdfcd377798e2c0d25c9f1"},
    {file = "ruamel.yaml.clib-0.2.2-cp27-cp27m-win32.whl", hash = "sha256:30dca9bbcbb1cc858717438218d11eafb78666759e5094dd767468c0d577a7e7"},
    {file = "ruamel.yaml.clib-0.2.2-cp27-cp27m-win_amd64.whl", hash = "sha256:f6061a31880c1ed6b6ce341215336e2f3d0c1deccd84957b6fa8ca474b41e89f"},
    {file = "ruamel.yaml.clib-0.2.2-cp27-cp27mu-manylinux1_x86_64.whl", hash = "sha256:73b3d43e04cc4b228fa6fa5d796409ece6fcb53a6c270eb2048109cbcbc3b9c2"},
    {file = "ruamel.yaml.clib-0.2.2-cp35-cp35m-macosx_10_6_intel.whl", hash = "sha256:53b9dd1abd70e257a6e32f934ebc482dac5edb8c93e23deb663eac724c30b026"},
    {file = "ruamel.yaml.clib-0.2.2-cp35-cp35m-manylinux1_x86_64.whl", hash = "sha256:839dd72545ef7ba78fd2aa1a5dd07b33696adf3e68fae7f31327161c1093001b"},
    {file = "ruamel.yaml.clib-0.2.2-cp35-cp35m-win32.whl", hash = "sha256:b1e981fe1aff1fd11627f531524826a4dcc1f26c726235a52fcb62ded27d150f"},
    {file = "ruamel.yaml.clib-0.2.2-cp35-cp35m-win_amd64.whl", hash = "sha256:4e52c96ca66de04be42ea2278012a2342d89f5e82b4512fb6fb7134e377e2e62"},
    {file = "ruamel.yaml.clib-0.2.2-cp36-cp36m-macosx_10_9_x86_64.whl", hash = "sha256:a873e4d4954f865dcb60bdc4914af7eaae48fb56b60ed6daa1d6251c72f5337c"},
    {file = "ruamel.yaml.clib-0.2.2-cp36-cp36m-manylinux1_x86_64.whl", hash = "sha256:ab845f1f51f7eb750a78937be9f79baea4a42c7960f5a94dde34e69f3cce1988"},
    {file = "ruamel.yaml.clib-0.2.2-cp36-cp36m-win32.whl", hash = "sha256:e9f7d1d8c26a6a12c23421061f9022bb62704e38211fe375c645485f38df34a2"},
    {file = "ruamel.yaml.clib-0.2.2-cp36-cp36m-win_amd64.whl", hash = "sha256:2602e91bd5c1b874d6f93d3086f9830f3e907c543c7672cf293a97c3fabdcd91"},
    {file = "ruamel.yaml.clib-0.2.2-cp37-cp37m-macosx_10_9_x86_64.whl", hash = "sha256:44c7b0498c39f27795224438f1a6be6c5352f82cb887bc33d962c3a3acc00df6"},
    {file = "ruamel.yaml.clib-0.2.2-cp37-cp37m-manylinux1_x86_64.whl", hash = "sha256:8e8fd0a22c9d92af3a34f91e8a2594eeb35cba90ab643c5e0e643567dc8be43e"},
    {file = "ruamel.yaml.clib-0.2.2-cp37-cp37m-win32.whl", hash = "sha256:464e66a04e740d754170be5e740657a3b3b6d2bcc567f0c3437879a6e6087ff6"},
    {file = "ruamel.yaml.clib-0.2.2-cp37-cp37m-win_amd64.whl", hash = "sha256:52ae5739e4b5d6317b52f5b040b1b6639e8af68a5b8fd606a8b08658fbd0cab5"},
    {file = "ruamel.yaml.clib-0.2.2-cp38-cp38-macosx_10_9_x86_64.whl", hash = "sha256:4df5019e7783d14b79217ad9c56edf1ba7485d614ad5a385d1b3c768635c81c0"},
    {file = "ruamel.yaml.clib-0.2.2-cp38-cp38-manylinux1_x86_64.whl", hash = "sha256:5254af7d8bdf4d5484c089f929cb7f5bafa59b4f01d4f48adda4be41e6d29f99"},
    {file = "ruamel.yaml.clib-0.2.2-cp38-cp38-win32.whl", hash = "sha256:74161d827407f4db9072011adcfb825b5258a5ccb3d2cd518dd6c9edea9e30f1"},
    {file = "ruamel.yaml.clib-0.2.2-cp38-cp38-win_amd64.whl", hash = "sha256:058a1cc3df2a8aecc12f983a48bda99315cebf55a3b3a5463e37bb599b05727b"},
    {file = "ruamel.yaml.clib-0.2.2-cp39-cp39-macosx_10_9_x86_64.whl", hash = "sha256:c6ac7e45367b1317e56f1461719c853fd6825226f45b835df7436bb04031fd8a"},
    {file = "ruamel.yaml.clib-0.2.2-cp39-cp39-manylinux1_x86_64.whl", hash = "sha256:b4b0d31f2052b3f9f9b5327024dc629a253a83d8649d4734ca7f35b60ec3e9e5"},
    {file = "ruamel.yaml.clib-0.2.2.tar.gz", hash = "sha256:2d24bd98af676f4990c4d715bcdc2a60b19c56a3fb3a763164d2d8ca0e806ba7"},
]
selenium = [
    {file = "selenium-3.141.0-py2.py3-none-any.whl", hash = "sha256:2d7131d7bc5a5b99a2d9b04aaf2612c411b03b8ca1b1ee8d3de5845a9be2cb3c"},
    {file = "selenium-3.141.0.tar.gz", hash = "sha256:deaf32b60ad91a4611b98d8002757f29e6f2c2d5fcaf202e1c9ad06d6772300d"},
]
soupsieve = [
    {file = "soupsieve-2.0.1-py3-none-any.whl", hash = "sha256:1634eea42ab371d3d346309b93df7870a88610f0725d47528be902a0d95ecc55"},
    {file = "soupsieve-2.0.1.tar.gz", hash = "sha256:a59dc181727e95d25f781f0eb4fd1825ff45590ec8ff49eadfd7f1a537cc0232"},
]
urllib3 = [
    {file = "urllib3-1.25.11-py2.py3-none-any.whl", hash = "sha256:f5321fbe4bf3fefa0efd0bfe7fb14e90909eb62a48ccda331726b4319897dd5e"},
    {file = "urllib3-1.25.11.tar.gz", hash = "sha256:8d7eaa5a82a1cac232164990f04874c594c9453ec55eef02eab885aa02fc17a2"},
]
webdriver-manager = [
    {file = "webdriver_manager-3.2.2-py2.py3-none-any.whl", hash = "sha256:18a665c6400bb7cf1a9ec9e1030ac5539cd5c892c97075f58940c62971470ce3"},
    {file = "webdriver_manager-3.2.2.tar.gz", hash = "sha256:c2d4ee0a78226c355f3657dd0337e515187585a1497229af2ce5f4705234da9c"},
]
